// !$*UTF8*$!
{
	archiveVersion = 1;
	classes = {
	};
	objectVersion = 46;
	objects = {

/* Begin PBXBuildFile section */
		442AE08E1DE320CD00B23593 /* AppDelegate.swift in Sources */ = {isa = PBXBuildFile; fileRef = 442AE08D1DE320CD00B23593 /* AppDelegate.swift */; };
		442AE0901DE320CD00B23593 /* ViewController.swift in Sources */ = {isa = PBXBuildFile; fileRef = 442AE08F1DE320CD00B23593 /* ViewController.swift */; };
		442AE0931DE320CD00B23593 /* Main.storyboard in Resources */ = {isa = PBXBuildFile; fileRef = 442AE0911DE320CD00B23593 /* Main.storyboard */; };
		442AE0951DE320CD00B23593 /* Assets.xcassets in Resources */ = {isa = PBXBuildFile; fileRef = 442AE0941DE320CD00B23593 /* Assets.xcassets */; };
		442AE0981DE320CD00B23593 /* LaunchScreen.storyboard in Resources */ = {isa = PBXBuildFile; fileRef = 442AE0961DE320CD00B23593 /* LaunchScreen.storyboard */; };
		442AE0A11DE3248E00B23593 /* LoginController.swift in Sources */ = {isa = PBXBuildFile; fileRef = 442AE0A01DE3248E00B23593 /* LoginController.swift */; };
		44F242611DE41503008FDF8F /* GoogleService-Info.plist in Resources */ = {isa = PBXBuildFile; fileRef = 44F242601DE41503008FDF8F /* GoogleService-Info.plist */; };
		907CAB0865E7EC715B9BCDBD /* Pods_BanglaChat.framework in Frameworks */ = {isa = PBXBuildFile; fileRef = A5EABFCB50598C6FACEADA63 /* Pods_BanglaChat.framework */; };
/* End PBXBuildFile section */

/* Begin PBXFileReference section */
		442AE08A1DE320CD00B23593 /* BanglaChat.app */ = {isa = PBXFileReference; explicitFileType = wrapper.application; includeInIndex = 0; path = BanglaChat.app; sourceTree = BUILT_PRODUCTS_DIR; };
		442AE08D1DE320CD00B23593 /* AppDelegate.swift */ = {isa = PBXFileReference; lastKnownFileType = sourcecode.swift; path = AppDelegate.swift; sourceTree = "<group>"; };
		442AE08F1DE320CD00B23593 /* ViewController.swift */ = {isa = PBXFileReference; lastKnownFileType = sourcecode.swift; path = ViewController.swift; sourceTree = "<group>"; };
		442AE0921DE320CD00B23593 /* Base */ = {isa = PBXFileReference; lastKnownFileType = file.storyboard; name = Base; path = Base.lproj/Main.storyboard; sourceTree = "<group>"; };
		442AE0941DE320CD00B23593 /* Assets.xcassets */ = {isa = PBXFileReference; lastKnownFileType = folder.assetcatalog; path = Assets.xcassets; sourceTree = "<group>"; };
		442AE0971DE320CD00B23593 /* Base */ = {isa = PBXFileReference; lastKnownFileType = file.storyboard; name = Base; path = Base.lproj/LaunchScreen.storyboard; sourceTree = "<group>"; };
		442AE0991DE320CD00B23593 /* Info.plist */ = {isa = PBXFileReference; lastKnownFileType = text.plist.xml; path = Info.plist; sourceTree = "<group>"; };
		442AE0A01DE3248E00B23593 /* LoginController.swift */ = {isa = PBXFileReference; fileEncoding = 4; lastKnownFileType = sourcecode.swift; path = LoginController.swift; sourceTree = "<group>"; };
		44F242601DE41503008FDF8F /* GoogleService-Info.plist */ = {isa = PBXFileReference; fileEncoding = 4; lastKnownFileType = text.plist.xml; path = "GoogleService-Info.plist"; sourceTree = "<group>"; };
		894A6FCABDDB917D3DE9769B /* Pods-BanglaChat.debug.xcconfig */ = {isa = PBXFileReference; includeInIndex = 1; lastKnownFileType = text.xcconfig; name = "Pods-BanglaChat.debug.xcconfig"; path = "Pods/Target Support Files/Pods-BanglaChat/Pods-BanglaChat.debug.xcconfig"; sourceTree = "<group>"; };
		A5EABFCB50598C6FACEADA63 /* Pods_BanglaChat.framework */ = {isa = PBXFileReference; explicitFileType = wrapper.framework; includeInIndex = 0; path = Pods_BanglaChat.framework; sourceTree = BUILT_PRODUCTS_DIR; };
		B2254D3F0ED300B5754874C8 /* Pods-BanglaChat.release.xcconfig */ = {isa = PBXFileReference; includeInIndex = 1; lastKnownFileType = text.xcconfig; name = "Pods-BanglaChat.release.xcconfig"; path = "Pods/Target Support Files/Pods-BanglaChat/Pods-BanglaChat.release.xcconfig"; sourceTree = "<group>"; };
/* End PBXFileReference section */

/* Begin PBXFrameworksBuildPhase section */
		442AE0871DE320CC00B23593 /* Frameworks */ = {
			isa = PBXFrameworksBuildPhase;
			buildActionMask = 2147483647;
			files = (
				907CAB0865E7EC715B9BCDBD /* Pods_BanglaChat.framework in Frameworks */,
			);
			runOnlyForDeploymentPostprocessing = 0;
		};
/* End PBXFrameworksBuildPhase section */

/* Begin PBXGroup section */
		442AE0811DE320CC00B23593 = {
			isa = PBXGroup;
			children = (
				442AE08C1DE320CD00B23593 /* BanglaChat */,
				442AE08B1DE320CD00B23593 /* Products */,
				F77F67D64EF37680E0848DEE /* Pods */,
				F84D407115780B59646BD474 /* Frameworks */,
			);
			sourceTree = "<group>";
		};
		442AE08B1DE320CD00B23593 /* Products */ = {
			isa = PBXGroup;
			children = (
				442AE08A1DE320CD00B23593 /* BanglaChat.app */,
			);
			name = Products;
			sourceTree = "<group>";
		};
		442AE08C1DE320CD00B23593 /* BanglaChat */ = {
			isa = PBXGroup;
			children = (
				442AE09F1DE3244A00B23593 /* Controller */,
				442AE08D1DE320CD00B23593 /* AppDelegate.swift */,
				442AE0911DE320CD00B23593 /* Main.storyboard */,
				442AE0941DE320CD00B23593 /* Assets.xcassets */,
				442AE0961DE320CD00B23593 /* LaunchScreen.storyboard */,
				44F242601DE41503008FDF8F /* GoogleService-Info.plist */,
				442AE0991DE320CD00B23593 /* Info.plist */,
			);
			path = BanglaChat;
			sourceTree = "<group>";
		};
		442AE09F1DE3244A00B23593 /* Controller */ = {
			isa = PBXGroup;
			children = (
				442AE08F1DE320CD00B23593 /* ViewController.swift */,
				442AE0A01DE3248E00B23593 /* LoginController.swift */,
			);
			name = Controller;
			sourceTree = "<group>";
		};
		F77F67D64EF37680E0848DEE /* Pods */ = {
			isa = PBXGroup;
			children = (
				894A6FCABDDB917D3DE9769B /* Pods-BanglaChat.debug.xcconfig */,
				B2254D3F0ED300B5754874C8 /* Pods-BanglaChat.release.xcconfig */,
			);
			name = Pods;
			sourceTree = "<group>";
		};
		F84D407115780B59646BD474 /* Frameworks */ = {
			isa = PBXGroup;
			children = (
				A5EABFCB50598C6FACEADA63 /* Pods_BanglaChat.framework */,
			);
			name = Frameworks;
			sourceTree = "<group>";
		};
/* End PBXGroup section */

/* Begin PBXNativeTarget section */
		442AE0891DE320CC00B23593 /* BanglaChat */ = {
			isa = PBXNativeTarget;
			buildConfigurationList = 442AE09C1DE320CD00B23593 /* Build configuration list for PBXNativeTarget "BanglaChat" */;
			buildPhases = (
				FF9F15266C2AF6B3F163FA80 /* [CP] Check Pods Manifest.lock */,
				442AE0861DE320CC00B23593 /* Sources */,
				442AE0871DE320CC00B23593 /* Frameworks */,
				442AE0881DE320CC00B23593 /* Resources */,
				B439F2AA681CA23907A1A8A9 /* [CP] Embed Pods Frameworks */,
				17F5E2A7B6DBB6F2C31BB6CA /* [CP] Copy Pods Resources */,
			);
			buildRules = (
			);
			dependencies = (
			);
			name = BanglaChat;
			productName = BanglaChat;
			productReference = 442AE08A1DE320CD00B23593 /* BanglaChat.app */;
			productType = "com.apple.product-type.application";
		};
/* End PBXNativeTarget section */

/* Begin PBXProject section */
		442AE0821DE320CC00B23593 /* Project object */ = {
			isa = PBXProject;
			attributes = {
				LastSwiftUpdateCheck = 0800;
				LastUpgradeCheck = 0800;
				ORGANIZATIONNAME = codertuts;
				TargetAttributes = {
					442AE0891DE320CC00B23593 = {
						CreatedOnToolsVersion = 8.0;
						ProvisioningStyle = Automatic;
					};
				};
			};
			buildConfigurationList = 442AE0851DE320CC00B23593 /* Build configuration list for PBXProject "BanglaChat" */;
			compatibilityVersion = "Xcode 3.2";
			developmentRegion = English;
			hasScannedForEncodings = 0;
			knownRegions = (
				en,
				Base,
			);
			mainGroup = 442AE0811DE320CC00B23593;
			productRefGroup = 442AE08B1DE320CD00B23593 /* Products */;
			projectDirPath = "";
			projectRoot = "";
			targets = (
				442AE0891DE320CC00B23593 /* BanglaChat */,
			);
		};
/* End PBXProject section */

/* Begin PBXResourcesBuildPhase section */
		442AE0881DE320CC00B23593 /* Resources */ = {
			isa = PBXResourcesBuildPhase;
			buildActionMask = 2147483647;
			files = (
				44F242611DE41503008FDF8F /* GoogleService-Info.plist in Resources */,
				442AE0981DE320CD00B23593 /* LaunchScreen.storyboard in Resources */,
				442AE0951DE320CD00B23593 /* Assets.xcassets in Resources */,
				442AE0931DE320CD00B23593 /* Main.storyboard in Resources */,
			);
			runOnlyForDeploymentPostprocessing = 0;
		};
/* End PBXResourcesBuildPhase section */

/* Begin PBXShellScriptBuildPhase section */
		17F5E2A7B6DBB6F2C31BB6CA /* [CP] Copy Pods Resources */ = {
			isa = PBXShellScriptBuildPhase;
			buildActionMask = 2147483647;
			files = (
			);
			inputPaths = (
			);
			name = "[CP] Copy Pods Resources";
			outputPaths = (
			);
			runOnlyForDeploymentPostprocessing = 0;
			shellPath = /bin/sh;
			shellScript = "\"${SRCROOT}/Pods/Target Support Files/Pods-BanglaChat/Pods-BanglaChat-resources.sh\"\n";
			showEnvVarsInLog = 0;
		};
		B439F2AA681CA23907A1A8A9 /* [CP] Embed Pods Frameworks */ = {
			isa = PBXShellScriptBuildPhase;
			buildActionMask = 2147483647;
			files = (
			);
			inputPaths = (
			);
			name = "[CP] Embed Pods Frameworks";
			outputPaths = (
			);
			runOnlyForDeploymentPostprocessing = 0;
			shellPath = /bin/sh;
			shellScript = "\"${SRCROOT}/Pods/Target Support Files/Pods-BanglaChat/Pods-BanglaChat-frameworks.sh\"\n";
			showEnvVarsInLog = 0;
		};
		FF9F15266C2AF6B3F163FA80 /* [CP] Check Pods Manifest.lock */ = {
			isa = PBXShellScriptBuildPhase;
			buildActionMask = 2147483647;
			files = (
			);
			inputPaths = (
			);
			name = "[CP] Check Pods Manifest.lock";
			outputPaths = (
			);
			runOnlyForDeploymentPostprocessing = 0;
			shellPath = /bin/sh;
			shellScript = "diff \"${PODS_ROOT}/../Podfile.lock\" \"${PODS_ROOT}/Manifest.lock\" > /dev/null\nif [ $? != 0 ] ; then\n    # print error to STDERR\n    echo \"error: The sandbox is not in sync with the Podfile.lock. Run 'pod install' or update your CocoaPods installation.\" >&2\n    exit 1\nfi\n";
			showEnvVarsInLog = 0;
		};
/* End PBXShellScriptBuildPhase section */

/* Begin PBXSourcesBuildPhase section */
		442AE0861DE320CC00B23593 /* Sources */ = {
			isa = PBXSourcesBuildPhase;
			buildActionMask = 2147483647;
			files = (
				442AE0901DE320CD00B23593 /* ViewController.swift in Sources */,
				442AE0A11DE3248E00B23593 /* LoginController.swift in Sources */,
				442AE08E1DE320CD00B23593 /* AppDelegate.swift in Sources */,
			);
			runOnlyForDeploymentPostprocessing = 0;
		};
/* End PBXSourcesBuildPhase section */

/* Begin PBXVariantGroup section */
		442AE0911DE320CD00B23593 /* Main.storyboard */ = {
			isa = PBXVariantGroup;
			children = (
				442AE0921DE320CD00B23593 /* Base */,
			);
			name = Main.storyboard;
			sourceTree = "<group>";
		};
		442AE0961DE320CD00B23593 /* LaunchScreen.storyboard */ = {
			isa = PBXVariantGroup;
			children = (
				442AE0971DE320CD00B23593 /* Base */,
			);
			name = LaunchScreen.storyboard;
			sourceTree = "<group>";
		};
/* End PBXVariantGroup section */

/* Begin XCBuildConfiguration section */
		442AE09A1DE320CD00B23593 /* Debug */ = {
			isa = XCBuildConfiguration;
			buildSettings = {
				ALWAYS_SEARCH_USER_PATHS = NO;
				CLANG_ANALYZER_NONNULL = YES;
				CLANG_CXX_LANGUAGE_STANDARD = "gnu++0x";
				CLANG_CXX_LIBRARY = "libc++";
				CLANG_ENABLE_MODULES = YES;
				CLANG_ENABLE_OBJC_ARC = YES;
				CLANG_WARN_BOOL_CONVERSION = YES;
				CLANG_WARN_CONSTANT_CONVERSION = YES;
				CLANG_WARN_DIRECT_OBJC_ISA_USAGE = YES_ERROR;
				CLANG_WARN_DOCUMENTATION_COMMENTS = YES;
				CLANG_WARN_EMPTY_BODY = YES;
				CLANG_WARN_ENUM_CONVERSION = YES;
				CLANG_WARN_INFINITE_RECURSION = YES;
				CLANG_WARN_INT_CONVERSION = YES;
				CLANG_WARN_OBJC_ROOT_CLASS = YES_ERROR;
				CLANG_WARN_SUSPICIOUS_MOVES = YES;
				CLANG_WARN_UNREACHABLE_CODE = YES;
				CLANG_WARN__DUPLICATE_METHOD_MATCH = YES;
				"CODE_SIGN_IDENTITY[sdk=iphoneos*]" = "iPhone Developer";
				COPY_PHASE_STRIP = NO;
				DEBUG_INFORMATION_FORMAT = dwarf;
				ENABLE_STRICT_OBJC_MSGSEND = YES;
				ENABLE_TESTABILITY = YES;
				GCC_C_LANGUAGE_STANDARD = gnu99;
				GCC_DYNAMIC_NO_PIC = NO;
				GCC_NO_COMMON_BLOCKS = YES;
				GCC_OPTIMIZATION_LEVEL = 0;
				GCC_PREPROCESSOR_DEFINITIONS = (
					"DEBUG=1",
					"$(inherited)",
				);
				GCC_WARN_64_TO_32_BIT_CONVERSION = YES;
				GCC_WARN_ABOUT_RETURN_TYPE = YES_ERROR;
				GCC_WARN_UNDECLARED_SELECTOR = YES;
				GCC_WARN_UNINITIALIZED_AUTOS = YES_AGGRESSIVE;
				GCC_WARN_UNUSED_FUNCTION = YES;
				GCC_WARN_UNUSED_VARIABLE = YES;
				IPHONEOS_DEPLOYMENT_TARGET = 10.0;
				MTL_ENABLE_DEBUG_INFO = YES;
				ONLY_ACTIVE_ARCH = YES;
				SDKROOT = iphoneos;
				SWIFT_ACTIVE_COMPILATION_CONDITIONS = DEBUG;
				SWIFT_OPTIMIZATION_LEVEL = "-Onone";
				TARGETED_DEVICE_FAMILY = "1,2";
			};
			name = Debug;
		};
		442AE09B1DE320CD00B23593 /* Release */ = {
			isa = XCBuildConfiguration;
			buildSettings = {
				ALWAYS_SEARCH_USER_PATHS = NO;
				CLANG_ANALYZER_NONNULL = YES;
				CLANG_CXX_LANGUAGE_STANDARD = "gnu++0x";
				CLANG_CXX_LIBRARY = "libc++";
				CLANG_ENABLE_MODULES = YES;
				CLANG_ENABLE_OBJC_ARC = YES;
				CLANG_WARN_BOOL_CONVERSION = YES;
				CLANG_WARN_CONSTANT_CONVERSION = YES;
				CLANG_WARN_DIRECT_OBJC_ISA_USAGE = YES_ERROR;
				CLANG_WARN_DOCUMENTATION_COMMENTS = YES;
				CLANG_WARN_EMPTY_BODY = YES;
				CLANG_WARN_ENUM_CONVERSION = YES;
				CLANG_WARN_INFINITE_RECURSION = YES;
				CLANG_WARN_INT_CONVERSION = YES;
				CLANG_WARN_OBJC_ROOT_CLASS = YES_ERROR;
				CLANG_WARN_SUSPICIOUS_MOVES = YES;
				CLANG_WARN_UNREACHABLE_CODE = YES;
				CLANG_WARN__DUPLICATE_METHOD_MATCH = YES;
				"CODE_SIGN_IDENTITY[sdk=iphoneos*]" = "iPhone Developer";
				COPY_PHASE_STRIP = NO;
				DEBUG_INFORMATION_FORMAT = "dwarf-with-dsym";
				ENABLE_NS_ASSERTIONS = NO;
				ENABLE_STRICT_OBJC_MSGSEND = YES;
				GCC_C_LANGUAGE_STANDARD = gnu99;
				GCC_NO_COMMON_BLOCKS = YES;
				GCC_WARN_64_TO_32_BIT_CONVERSION = YES;
				GCC_WARN_ABOUT_RETURN_TYPE = YES_ERROR;
				GCC_WARN_UNDECLARED_SELECTOR = YES;
				GCC_WARN_UNINITIALIZED_AUTOS = YES_AGGRESSIVE;
				GCC_WARN_UNUSED_FUNCTION = YES;
				GCC_WARN_UNUSED_VARIABLE = YES;
				IPHONEOS_DEPLOYMENT_TARGET = 10.0;
				MTL_ENABLE_DEBUG_INFO = NO;
				SDKROOT = iphoneos;
				SWIFT_OPTIMIZATION_LEVEL = "-Owholemodule";
				TARGETED_DEVICE_FAMILY = "1,2";
				VALIDATE_PRODUCT = YES;
			};
			name = Release;
		};
		442AE09D1DE320CD00B23593 /* Debug */ = {
			isa = XCBuildConfiguration;
			baseConfigurationReference = 894A6FCABDDB917D3DE9769B /* Pods-BanglaChat.debug.xcconfig */;
			buildSettings = {
				ASSETCATALOG_COMPILER_APPICON_NAME = AppIcon;
				INFOPLIST_FILE = BanglaChat/Info.plist;
				LD_RUNPATH_SEARCH_PATHS = "$(inherited) @executable_path/Frameworks";
				PRODUCT_BUNDLE_IDENTIFIER = com.codertuts.BanglaChat;
				PRODUCT_NAME = "$(TARGET_NAME)";
				SWIFT_VERSION = 3.0;
			};
			name = Debug;
		};
		442AE09E1DE320CD00B23593 /* Release */ = {
			isa = XCBuildConfiguration;
			baseConfigurationReference = B2254D3F0ED300B5754874C8 /* Pods-BanglaChat.release.xcconfig */;
			buildSettings = {
				ASSETCATALOG_COMPILER_APPICON_NAME = AppIcon;
				INFOPLIST_FILE = BanglaChat/Info.plist;
				LD_RUNPATH_SEARCH_PATHS = "$(inherited) @executable_path/Frameworks";
				PRODUCT_BUNDLE_IDENTIFIER = com.codertuts.BanglaChat;
				PRODUCT_NAME = "$(TARGET_NAME)";
				SWIFT_VERSION = 3.0;
			};
			name = Release;
		};
/* End XCBuildConfiguration section */

/* Begin XCConfigurationList section */
		442AE0851DE320CC00B23593 /* Build configuration list for PBXProject "BanglaChat" */ = {
			isa = XCConfigurationList;
			buildConfigurations = (
				442AE09A1DE320CD00B23593 /* Debug */,
				442AE09B1DE320CD00B23593 /* Release */,
			);
			defaultConfigurationIsVisible = 0;
			defaultConfigurationName = Release;
		};
		442AE09C1DE320CD00B23593 /* Build configuration list for PBXNativeTarget "BanglaChat" */ = {
			isa = XCConfigurationList;
			buildConfigurations = (
				442AE09D1DE320CD00B23593 /* Debug */,
				442AE09E1DE320CD00B23593 /* Release */,
			);
			defaultConfigurationIsVisible = 0;
			defaultConfigurationName = Release;
		};
/* End XCConfigurationList section */
	};
	rootObject = 442AE0821DE320CC00B23593 /* Project object */;
}
